
Microsoft Visual Studio Solution File, Format Version 12.00
# Visual Studio Version 17
VisualStudioVersion = 17.5.002.0
MinimumVisualStudioVersion = 10.0.40219.1
Project("{9A19103F-16F7-4668-BE54-9A1E7A4F7556}") = "API", "API.csproj", "{319B80FB-EE85-4493-A734-3B3E133FB539}"
EndProject
Global
	GlobalSection(SolutionConfigurationPlatforms) = preSolution
		Debug|Any CPU = Debug|Any CPU
		Release|Any CPU = Release|Any CPU
	EndGlobalSection
	GlobalSection(ProjectConfigurationPlatforms) = postSolution
		{319B80FB-EE85-4493-A734-3B3E133FB539}.Debug|Any CPU.ActiveCfg = Debug|Any CPU
		{319B80FB-EE85-4493-A734-3B3E133FB539}.Debug|Any CPU.Build.0 = Debug|Any CPU
		{319B80FB-EE85-4493-A734-3B3E133FB539}.Release|Any CPU.ActiveCfg = Release|Any CPU
		{319B80FB-EE85-4493-A734-3B3E133FB539}.Release|Any CPU.Build.0 = Release|Any CPU
	EndGlobalSection
	GlobalSection(SolutionProperties) = preSolution
		HideSolutionNode = FALSE
	EndGlobalSection
	GlobalSection(ExtensibilityGlobals) = postSolution
		SolutionGuid = {1BA455F3-507F-47BD-B538-94C041C80B14}
	EndGlobalSection
EndGlobal
